// !$*UTF8*$!
{
	archiveVersion = 1;
	classes = {
	};
	objectVersion = 50;
	objects = {

/* Begin PBXBuildFile section */
		3E00456125C7BA5700EE679A /* GameDetail.swift in Sources */ = {isa = PBXBuildFile; fileRef = 3E00456025C7BA5700EE679A /* GameDetail.swift */; };
		3E99285025C6D1FD00C646F7 /* AppDelegate.swift in Sources */ = {isa = PBXBuildFile; fileRef = 3E99284F25C6D1FD00C646F7 /* AppDelegate.swift */; };
		3E99285225C6D1FD00C646F7 /* SceneDelegate.swift in Sources */ = {isa = PBXBuildFile; fileRef = 3E99285125C6D1FD00C646F7 /* SceneDelegate.swift */; };
		3E99285725C6D1FD00C646F7 /* Main.storyboard in Resources */ = {isa = PBXBuildFile; fileRef = 3E99285525C6D1FD00C646F7 /* Main.storyboard */; };
		3E99285925C6D20000C646F7 /* Assets.xcassets in Resources */ = {isa = PBXBuildFile; fileRef = 3E99285825C6D20000C646F7 /* Assets.xcassets */; };
		3E99285C25C6D20000C646F7 /* LaunchScreen.storyboard in Resources */ = {isa = PBXBuildFile; fileRef = 3E99285A25C6D20000C646F7 /* LaunchScreen.storyboard */; };
		3E99286F25C6D87E00C646F7 /* Game.swift in Sources */ = {isa = PBXBuildFile; fileRef = 3E99286E25C6D87E00C646F7 /* Game.swift */; };
		3E99287425C6E29D00C646F7 /* GameTableViewCell.swift in Sources */ = {isa = PBXBuildFile; fileRef = 3E99287225C6E29D00C646F7 /* GameTableViewCell.swift */; };
		3E99287525C6E29D00C646F7 /* GameTableViewCell.xib in Resources */ = {isa = PBXBuildFile; fileRef = 3E99287325C6E29D00C646F7 /* GameTableViewCell.xib */; };
		3E99287F25C6F63700C646F7 /* GameViewController.swift in Sources */ = {isa = PBXBuildFile; fileRef = 3E99287E25C6F63700C646F7 /* GameViewController.swift */; };
		3ED8687F25C8540E0021009D /* DetailViewController.swift in Sources */ = {isa = PBXBuildFile; fileRef = 3ED8687D25C8540E0021009D /* DetailViewController.swift */; };
		3ED8688025C8540E0021009D /* DetailViewController.xib in Resources */ = {isa = PBXBuildFile; fileRef = 3ED8687E25C8540E0021009D /* DetailViewController.xib */; };
/* End PBXBuildFile section */

/* Begin PBXFileReference section */
		3E00456025C7BA5700EE679A /* GameDetail.swift */ = {isa = PBXFileReference; lastKnownFileType = sourcecode.swift; path = GameDetail.swift; sourceTree = "<group>"; };
		3E99284C25C6D1FD00C646F7 /* GameCatalogue.app */ = {isa = PBXFileReference; explicitFileType = wrapper.application; includeInIndex = 0; path = GameCatalogue.app; sourceTree = BUILT_PRODUCTS_DIR; };
		3E99284F25C6D1FD00C646F7 /* AppDelegate.swift */ = {isa = PBXFileReference; lastKnownFileType = sourcecode.swift; path = AppDelegate.swift; sourceTree = "<group>"; };
		3E99285125C6D1FD00C646F7 /* SceneDelegate.swift */ = {isa = PBXFileReference; lastKnownFileType = sourcecode.swift; path = SceneDelegate.swift; sourceTree = "<group>"; };
		3E99285625C6D1FD00C646F7 /* Base */ = {isa = PBXFileReference; lastKnownFileType = file.storyboard; name = Base; path = Base.lproj/Main.storyboard; sourceTree = "<group>"; };
		3E99285825C6D20000C646F7 /* Assets.xcassets */ = {isa = PBXFileReference; lastKnownFileType = folder.assetcatalog; path = Assets.xcassets; sourceTree = "<group>"; };
		3E99285B25C6D20000C646F7 /* Base */ = {isa = PBXFileReference; lastKnownFileType = file.storyboard; name = Base; path = Base.lproj/LaunchScreen.storyboard; sourceTree = "<group>"; };
		3E99285D25C6D20000C646F7 /* Info.plist */ = {isa = PBXFileReference; lastKnownFileType = text.plist.xml; path = Info.plist; sourceTree = "<group>"; };
		3E99286E25C6D87E00C646F7 /* Game.swift */ = {isa = PBXFileReference; lastKnownFileType = sourcecode.swift; path = Game.swift; sourceTree = "<group>"; };
		3E99287225C6E29D00C646F7 /* GameTableViewCell.swift */ = {isa = PBXFileReference; lastKnownFileType = sourcecode.swift; path = GameTableViewCell.swift; sourceTree = "<group>"; };
		3E99287325C6E29D00C646F7 /* GameTableViewCell.xib */ = {isa = PBXFileReference; lastKnownFileType = file.xib; path = GameTableViewCell.xib; sourceTree = "<group>"; };
		3E99287E25C6F63700C646F7 /* GameViewController.swift */ = {isa = PBXFileReference; lastKnownFileType = sourcecode.swift; path = GameViewController.swift; sourceTree = "<group>"; };
		3ED8687D25C8540E0021009D /* DetailViewController.swift */ = {isa = PBXFileReference; lastKnownFileType = sourcecode.swift; path = DetailViewController.swift; sourceTree = "<group>"; };
		3ED8687E25C8540E0021009D /* DetailViewController.xib */ = {isa = PBXFileReference; lastKnownFileType = file.xib; path = DetailViewController.xib; sourceTree = "<group>"; };
/* End PBXFileReference section */

/* Begin PBXFrameworksBuildPhase section */
		3E99284925C6D1FD00C646F7 /* Frameworks */ = {
			isa = PBXFrameworksBuildPhase;
			buildActionMask = 2147483647;
			files = (
			);
			runOnlyForDeploymentPostprocessing = 0;
		};
/* End PBXFrameworksBuildPhase section */

/* Begin PBXGroup section */
		3E99284325C6D1FD00C646F7 = {
			isa = PBXGroup;
			children = (
				3E99284E25C6D1FD00C646F7 /* GameCatalogue */,
				3E99284D25C6D1FD00C646F7 /* Products */,
			);
			sourceTree = "<group>";
		};
		3E99284D25C6D1FD00C646F7 /* Products */ = {
			isa = PBXGroup;
			children = (
				3E99284C25C6D1FD00C646F7 /* GameCatalogue.app */,
			);
			name = Products;
			sourceTree = "<group>";
		};
		3E99284E25C6D1FD00C646F7 /* GameCatalogue */ = {
			isa = PBXGroup;
			children = (
				3E99286D25C6D84300C646F7 /* Model */,
				3E99286925C6D80100C646F7 /* Base */,
				3E99286B25C6D81C00C646F7 /* Controller */,
				3E99286C25C6D83900C646F7 /* View */,
				3E99285825C6D20000C646F7 /* Assets.xcassets */,
				3E99285D25C6D20000C646F7 /* Info.plist */,
			);
			path = GameCatalogue;
			sourceTree = "<group>";
		};
		3E99286925C6D80100C646F7 /* Base */ = {
			isa = PBXGroup;
			children = (
				3E99284F25C6D1FD00C646F7 /* AppDelegate.swift */,
				3E99285125C6D1FD00C646F7 /* SceneDelegate.swift */,
			);
			path = Base;
			sourceTree = "<group>";
		};
		3E99286B25C6D81C00C646F7 /* Controller */ = {
			isa = PBXGroup;
			children = (
				3E99287225C6E29D00C646F7 /* GameTableViewCell.swift */,
				3E99287E25C6F63700C646F7 /* GameViewController.swift */,
				3ED8687D25C8540E0021009D /* DetailViewController.swift */,
			);
			path = Controller;
			sourceTree = "<group>";
		};
		3E99286C25C6D83900C646F7 /* View */ = {
			isa = PBXGroup;
			children = (
				3ED8687E25C8540E0021009D /* DetailViewController.xib */,
				3E99287325C6E29D00C646F7 /* GameTableViewCell.xib */,
				3E99285525C6D1FD00C646F7 /* Main.storyboard */,
				3E99285A25C6D20000C646F7 /* LaunchScreen.storyboard */,
			);
			path = View;
			sourceTree = "<group>";
		};
		3E99286D25C6D84300C646F7 /* Model */ = {
			isa = PBXGroup;
			children = (
				3E99286E25C6D87E00C646F7 /* Game.swift */,
				3E00456025C7BA5700EE679A /* GameDetail.swift */,
			);
			path = Model;
			sourceTree = "<group>";
		};
/* End PBXGroup section */

/* Begin PBXNativeTarget section */
		3E99284B25C6D1FD00C646F7 /* GameCatalogue */ = {
			isa = PBXNativeTarget;
			buildConfigurationList = 3E99286025C6D20000C646F7 /* Build configuration list for PBXNativeTarget "GameCatalogue" */;
			buildPhases = (
				3E99284825C6D1FD00C646F7 /* Sources */,
				3E99284925C6D1FD00C646F7 /* Frameworks */,
				3E99284A25C6D1FD00C646F7 /* Resources */,
			);
			buildRules = (
			);
			dependencies = (
			);
			name = GameCatalogue;
			productName = GameCatalogue;
			productReference = 3E99284C25C6D1FD00C646F7 /* GameCatalogue.app */;
			productType = "com.apple.product-type.application";
		};
/* End PBXNativeTarget section */

/* Begin PBXProject section */
		3E99284425C6D1FD00C646F7 /* Project object */ = {
			isa = PBXProject;
			attributes = {
				LastSwiftUpdateCheck = 1220;
				LastUpgradeCheck = 1220;
				ORGANIZATIONNAME = "Wakhid Saiful Hidayat";
				TargetAttributes = {
					3E99284B25C6D1FD00C646F7 = {
						CreatedOnToolsVersion = 12.2;
					};
				};
			};
			buildConfigurationList = 3E99284725C6D1FD00C646F7 /* Build configuration list for PBXProject "GameCatalogue" */;
			compatibilityVersion = "Xcode 9.3";
			developmentRegion = en;
			hasScannedForEncodings = 0;
			knownRegions = (
				en,
				Base,
			);
			mainGroup = 3E99284325C6D1FD00C646F7;
			productRefGroup = 3E99284D25C6D1FD00C646F7 /* Products */;
			projectDirPath = "";
			projectRoot = "";
			targets = (
				3E99284B25C6D1FD00C646F7 /* GameCatalogue */,
			);
		};
/* End PBXProject section */

/* Begin PBXResourcesBuildPhase section */
		3E99284A25C6D1FD00C646F7 /* Resources */ = {
			isa = PBXResourcesBuildPhase;
			buildActionMask = 2147483647;
			files = (
				3E99285C25C6D20000C646F7 /* LaunchScreen.storyboard in Resources */,
				3ED8688025C8540E0021009D /* DetailViewController.xib in Resources */,
				3E99285925C6D20000C646F7 /* Assets.xcassets in Resources */,
				3E99285725C6D1FD00C646F7 /* Main.storyboard in Resources */,
				3E99287525C6E29D00C646F7 /* GameTableViewCell.xib in Resources */,
			);
			runOnlyForDeploymentPostprocessing = 0;
		};
/* End PBXResourcesBuildPhase section */

/* Begin PBXSourcesBuildPhase section */
		3E99284825C6D1FD00C646F7 /* Sources */ = {
			isa = PBXSourcesBuildPhase;
			buildActionMask = 2147483647;
			files = (
				3E99287F25C6F63700C646F7 /* GameViewController.swift in Sources */,
				3E99287425C6E29D00C646F7 /* GameTableViewCell.swift in Sources */,
				3E99285025C6D1FD00C646F7 /* AppDelegate.swift in Sources */,
				3E00456125C7BA5700EE679A /* GameDetail.swift in Sources */,
				3E99285225C6D1FD00C646F7 /* SceneDelegate.swift in Sources */,
				3E99286F25C6D87E00C646F7 /* Game.swift in Sources */,
				3ED8687F25C8540E0021009D /* DetailViewController.swift in Sources */,
			);
			runOnlyForDeploymentPostprocessing = 0;
		};
/* End PBXSourcesBuildPhase section */

/* Begin PBXVariantGroup section */
		3E99285525C6D1FD00C646F7 /* Main.storyboard */ = {
			isa = PBXVariantGroup;
			children = (
				3E99285625C6D1FD00C646F7 /* Base */,
			);
			name = Main.storyboard;
			sourceTree = "<group>";
		};
		3E99285A25C6D20000C646F7 /* LaunchScreen.storyboard */ = {
			isa = PBXVariantGroup;
			children = (
				3E99285B25C6D20000C646F7 /* Base */,
			);
			name = LaunchScreen.storyboard;
			sourceTree = "<group>";
		};
/* End PBXVariantGroup section */

/* Begin XCBuildConfiguration section */
		3E99285E25C6D20000C646F7 /* Debug */ = {
			isa = XCBuildConfiguration;
			buildSettings = {
				ALWAYS_SEARCH_USER_PATHS = NO;
				CLANG_ANALYZER_NONNULL = YES;
				CLANG_ANALYZER_NUMBER_OBJECT_CONVERSION = YES_AGGRESSIVE;
				CLANG_CXX_LANGUAGE_STANDARD = "gnu++14";
				CLANG_CXX_LIBRARY = "libc++";
				CLANG_ENABLE_MODULES = YES;
				CLANG_ENABLE_OBJC_ARC = YES;
				CLANG_ENABLE_OBJC_WEAK = YES;
				CLANG_WARN_BLOCK_CAPTURE_AUTORELEASING = YES;
				CLANG_WARN_BOOL_CONVERSION = YES;
				CLANG_WARN_COMMA = YES;
				CLANG_WARN_CONSTANT_CONVERSION = YES;
				CLANG_WARN_DEPRECATED_OBJC_IMPLEMENTATIONS = YES;
				CLANG_WARN_DIRECT_OBJC_ISA_USAGE = YES_ERROR;
				CLANG_WARN_DOCUMENTATION_COMMENTS = YES;
				CLANG_WARN_EMPTY_BODY = YES;
				CLANG_WARN_ENUM_CONVERSION = YES;
				CLANG_WARN_INFINITE_RECURSION = YES;
				CLANG_WARN_INT_CONVERSION = YES;
				CLANG_WARN_NON_LITERAL_NULL_CONVERSION = YES;
				CLANG_WARN_OBJC_IMPLICIT_RETAIN_SELF = YES;
				CLANG_WARN_OBJC_LITERAL_CONVERSION = YES;
				CLANG_WARN_OBJC_ROOT_CLASS = YES_ERROR;
				CLANG_WARN_QUOTED_INCLUDE_IN_FRAMEWORK_HEADER = YES;
				CLANG_WARN_RANGE_LOOP_ANALYSIS = YES;
				CLANG_WARN_STRICT_PROTOTYPES = YES;
				CLANG_WARN_SUSPICIOUS_MOVE = YES;
				CLANG_WARN_UNGUARDED_AVAILABILITY = YES_AGGRESSIVE;
				CLANG_WARN_UNREACHABLE_CODE = YES;
				CLANG_WARN__DUPLICATE_METHOD_MATCH = YES;
				COPY_PHASE_STRIP = NO;
				DEBUG_INFORMATION_FORMAT = dwarf;
				ENABLE_STRICT_OBJC_MSGSEND = YES;
				ENABLE_TESTABILITY = YES;
				GCC_C_LANGUAGE_STANDARD = gnu11;
				GCC_DYNAMIC_NO_PIC = NO;
				GCC_NO_COMMON_BLOCKS = YES;
				GCC_OPTIMIZATION_LEVEL = 0;
				GCC_PREPROCESSOR_DEFINITIONS = (
					"DEBUG=1",
					"$(inherited)",
				);
				GCC_WARN_64_TO_32_BIT_CONVERSION = YES;
				GCC_WARN_ABOUT_RETURN_TYPE = YES_ERROR;
				GCC_WARN_UNDECLARED_SELECTOR = YES;
				GCC_WARN_UNINITIALIZED_AUTOS = YES_AGGRESSIVE;
				GCC_WARN_UNUSED_FUNCTION = YES;
				GCC_WARN_UNUSED_VARIABLE = YES;
				IPHONEOS_DEPLOYMENT_TARGET = 14.2;
				MTL_ENABLE_DEBUG_INFO = INCLUDE_SOURCE;
				MTL_FAST_MATH = YES;
				ONLY_ACTIVE_ARCH = YES;
				SDKROOT = iphoneos;
				SWIFT_ACTIVE_COMPILATION_CONDITIONS = DEBUG;
				SWIFT_OPTIMIZATION_LEVEL = "-Onone";
			};
			name = Debug;
		};
		3E99285F25C6D20000C646F7 /* Release */ = {
			isa = XCBuildConfiguration;
			buildSettings = {
				ALWAYS_SEARCH_USER_PATHS = NO;
				CLANG_ANALYZER_NONNULL = YES;
				CLANG_ANALYZER_NUMBER_OBJECT_CONVERSION = YES_AGGRESSIVE;
				CLANG_CXX_LANGUAGE_STANDARD = "gnu++14";
				CLANG_CXX_LIBRARY = "libc++";
				CLANG_ENABLE_MODULES = YES;
				CLANG_ENABLE_OBJC_ARC = YES;
				CLANG_ENABLE_OBJC_WEAK = YES;
				CLANG_WARN_BLOCK_CAPTURE_AUTORELEASING = YES;
				CLANG_WARN_BOOL_CONVERSION = YES;
				CLANG_WARN_COMMA = YES;
				CLANG_WARN_CONSTANT_CONVERSION = YES;
				CLANG_WARN_DEPRECATED_OBJC_IMPLEMENTATIONS = YES;
				CLANG_WARN_DIRECT_OBJC_ISA_USAGE = YES_ERROR;
				CLANG_WARN_DOCUMENTATION_COMMENTS = YES;
				CLANG_WARN_EMPTY_BODY = YES;
				CLANG_WARN_ENUM_CONVERSION = YES;
				CLANG_WARN_INFINITE_RECURSION = YES;
				CLANG_WARN_INT_CONVERSION = YES;
				CLANG_WARN_NON_LITERAL_NULL_CONVERSION = YES;
				CLANG_WARN_OBJC_IMPLICIT_RETAIN_SELF = YES;
				CLANG_WARN_OBJC_LITERAL_CONVERSION = YES;
				CLANG_WARN_OBJC_ROOT_CLASS = YES_ERROR;
				CLANG_WARN_QUOTED_INCLUDE_IN_FRAMEWORK_HEADER = YES;
				CLANG_WARN_RANGE_LOOP_ANALYSIS = YES;
				CLANG_WARN_STRICT_PROTOTYPES = YES;
				CLANG_WARN_SUSPICIOUS_MOVE = YES;
				CLANG_WARN_UNGUARDED_AVAILABILITY = YES_AGGRESSIVE;
				CLANG_WARN_UNREACHABLE_CODE = YES;
				CLANG_WARN__DUPLICATE_METHOD_MATCH = YES;
				COPY_PHASE_STRIP = NO;
				DEBUG_INFORMATION_FORMAT = "dwarf-with-dsym";
				ENABLE_NS_ASSERTIONS = NO;
				ENABLE_STRICT_OBJC_MSGSEND = YES;
				GCC_C_LANGUAGE_STANDARD = gnu11;
				GCC_NO_COMMON_BLOCKS = YES;
				GCC_WARN_64_TO_32_BIT_CONVERSION = YES;
				GCC_WARN_ABOUT_RETURN_TYPE = YES_ERROR;
				GCC_WARN_UNDECLARED_SELECTOR = YES;
				GCC_WARN_UNINITIALIZED_AUTOS = YES_AGGRESSIVE;
				GCC_WARN_UNUSED_FUNCTION = YES;
				GCC_WARN_UNUSED_VARIABLE = YES;
				IPHONEOS_DEPLOYMENT_TARGET = 14.2;
				MTL_ENABLE_DEBUG_INFO = NO;
				MTL_FAST_MATH = YES;
				SDKROOT = iphoneos;
				SWIFT_COMPILATION_MODE = wholemodule;
				SWIFT_OPTIMIZATION_LEVEL = "-O";
				VALIDATE_PRODUCT = YES;
			};
			name = Release;
		};
		3E99286125C6D20000C646F7 /* Debug */ = {
			isa = XCBuildConfiguration;
			buildSettings = {
				ASSETCATALOG_COMPILER_APPICON_NAME = AppIcon;
				ASSETCATALOG_COMPILER_GLOBAL_ACCENT_COLOR_NAME = AccentColor;
				CODE_SIGN_STYLE = Automatic;
				DEVELOPMENT_TEAM = 94XJVN3C32;
				INFOPLIST_FILE = GameCatalogue/Info.plist;
				LD_RUNPATH_SEARCH_PATHS = (
					"$(inherited)",
					"@executable_path/Frameworks",
				);
				PRODUCT_BUNDLE_IDENTIFIER = com.wahidhidayat.GameCatalogue;
				PRODUCT_NAME = "$(TARGET_NAME)";
				SWIFT_VERSION = 5.0;
				TARGETED_DEVICE_FAMILY = "1,2";
			};
			name = Debug;
		};
		3E99286225C6D20000C646F7 /* Release */ = {
			isa = XCBuildConfiguration;
			buildSettings = {
				ASSETCATALOG_COMPILER_APPICON_NAME = AppIcon;
				ASSETCATALOG_COMPILER_GLOBAL_ACCENT_COLOR_NAME = AccentColor;
				CODE_SIGN_STYLE = Automatic;
				DEVELOPMENT_TEAM = 94XJVN3C32;
				INFOPLIST_FILE = GameCatalogue/Info.plist;
				LD_RUNPATH_SEARCH_PATHS = (
					"$(inherited)",
					"@executable_path/Frameworks",
				);
				PRODUCT_BUNDLE_IDENTIFIER = com.wahidhidayat.GameCatalogue;
				PRODUCT_NAME = "$(TARGET_NAME)";
				SWIFT_VERSION = 5.0;
				TARGETED_DEVICE_FAMILY = "1,2";
			};
			name = Release;
		};
/* End XCBuildConfiguration section */

/* Begin XCConfigurationList section */
		3E99284725C6D1FD00C646F7 /* Build configuration list for PBXProject "GameCatalogue" */ = {
			isa = XCConfigurationList;
			buildConfigurations = (
				3E99285E25C6D20000C646F7 /* Debug */,
				3E99285F25C6D20000C646F7 /* Release */,
			);
			defaultConfigurationIsVisible = 0;
			defaultConfigurationName = Release;
		};
		3E99286025C6D20000C646F7 /* Build configuration list for PBXNativeTarget "GameCatalogue" */ = {
			isa = XCConfigurationList;
			buildConfigurations = (
				3E99286125C6D20000C646F7 /* Debug */,
				3E99286225C6D20000C646F7 /* Release */,
			);
			defaultConfigurationIsVisible = 0;
			defaultConfigurationName = Release;
		};
/* End XCConfigurationList section */
	};
	rootObject = 3E99284425C6D1FD00C646F7 /* Project object */;
}
